github.com/ethereum/go-ethereum v1.11.5 h1:it7x0DWnTDMfVFdXcU6Ti4KEFQynLHVRarcSlPr0HBo=
github.com/ethereum/go-ethereum v1.11.5/go.mod h1:TDeHK9RTyDm+3xSyR8Fc6pEr70hbcS5Fr+Gh6AX90bA=
github.com/gorilla/websocket v1.5.0 h1:z2qa71hdWKRyqtu7Zq2GyBFv3WnvPycLSm4E43ec4eE=
github.com/gorilla/websocket v1.5.0/go.mod h1:YR8l580nyteQvAITg2hZ9XVh4b55+EU/adAjf1fMHhE=
github.com/joho/godotenv v1.5.1 h1:7eLL/+HRGLY0ldzfGMeQkb7vMd0as4CfYvUVzLqw0N0=
github.com/joho/godotenv v1.5.1/go.mod h1:f4LDr5Voq0i2e/R5DDNOoa2zzDfwtkZa6DnEwAbqwq4=
github.com/patrickmn/go-cache v2.1.0+incompatible h1:HRMgzkcYKYpi3C8ajMPV8OFXaaRUnok+kx1WdO15EQc=
github.com/patrickmn/go-cache v2.1.0+incompatible/go.mod h1:GdzBoFvzwAOeqA4szrrdnSPdvECKayMSoL5mtuv/L1A=
