github.com/ethereum/go-ethereum v1.11.5 h1:3M1uan+LAUvdn+7wCEFrcMM4LJTeuxDrPTg/f31a5QQ=
github.com/ethereum/go-ethereum v1.11.5/go.mod h1:it7x0DWnTDMfVFdXcU6Ti4KEFQynLHVRarcSlPr0HBo=
github.com/gorilla/websocket v1.5.0 h1:PPwGk2jz7EePpoHN/+ClbZu8SPxiqlu12wZP/3sWmnc=
github.com/gorilla/websocket v1.5.0/go.mod h1:YR8l580nyteQvAITg2hZ9XVh4b55+EU/adAjf1fMHhE=
github.com/joho/godotenv v1.5.1 h1:7eLL/+HRGLY0ldzfGMeQkb7vMd0as4CfYvUVzLqw0N0=
github.com/joho/godotenv v1.5.1/go.mod h1:f4LDr5Voq0i2e/R5DDNOoa2zzDfwtkZa6DnEwAbqwq4=
github.com/patrickmn/go-cache v2.1.0+incompatible h1:HRMgzkcYKYpi3C8ajMPV8OFXaaRUnok+kx1WdO15EQc=
github.com/patrickmn/go-cache v2.1.0+incompatible/go.mod h1:3Qf8kWWT7OJRJbdiICTKqZju1ZixQ/KpMGzzAfe6+WQ=
github.com/deckarep/golang-set/v2 v2.7.0 h1:gIloKvD7yH2oip4VLhsv3JyLLFnC0Y2mlusgcvJYW5k=
github.com/deckarep/golang-set/v2 v2.7.0/go.mod h1:+rOIHdrOVcQfu88lX19/cRz3fuv8Ul7YY20LyCIQkdo=
github.com/fsnotify/fsnotify v1.8.0 h1:GksvV8WEleU6Z2M1H3+iKArNSF/Mb/z8UD3Fh+o9qj4=
github.com/fsnotify/fsnotify v1.8.0/go.mod h1:YojvXqA5GiRVu0XQQ1Ch6aqccPb3EcHnOwgkxQ8d92Q=
github.com/go-stack/stack v1.8.1 h1:5B3BNTHI6q90x4Zob7h41pVYrTAkkLDr5YOL1vMiXYA=
github.com/go-stack/stack v1.8.1/go.mod h1:UmF6nA1ChZ3dkeF7RCoBXrId/E33/7weOuNKnR1VW34=
github.com/google/uuid v1.6.0 h1:LoOVdhku0eGz6mQhRPlH3NG4oeRxiAJvrz4/hgywJeo=
github.com/google/uuid v1.6.0/go.mod h1:jYtS9wKCRXb/RI2/0/8/yb/CWmKbaGWr9MVBSACcSm8=
github.com/holiman/uint256 v1.3.2 h1:0cuBtD99qV/pn9pTHrEDuXv1aJbXjzh2CJgUN3Pg57U=
github.com/holiman/uint256 v1.3.2/go.mod h1:+U6rk+vTFS7kFqA9HDzgfXy7xeQpQdIaBRNI6c2D81o=
github.com/shirou/gopsutil/v4 v4.24.12 h1:FCSkrgPFL3UsYW4USJXSkfPq7BhgI0qcpAFTuNU2gyU=
github.com/shirou/gopsutil/v4 v4.24.12/go.mod h1:QNVwn2/WBNtbgcEPQlYMY/z+2VXSUP2VZLHZ3ctiFps=
golang.org/x/crypto v0.31.0 h1:bdAA/uO6DFRt1RNwXmA4CwP7u5RUwjtXW0VJzYhFGSc=
golang.org/x/crypto v0.31.0/go.mod h1:ab46Yy6LQp6vS4Ijdy8lQy/NTG+mAEgJ92U1JIMW0pM=
golang.org/x/sys v0.28.0 h1:9oj02Cxk6saw7yPvF6TkTAHoIlAPMLdQLPvZnsOd9/Y=
golang.org/x/sys v0.28.0/go.mod h1:8jT0Wb8Cu4QIRXiq7KqF5DmnF/yqlLTh8FAEKD2wsAI=
